
Microsoft Visual Studio Solution File, Format Version 12.00
# Visual Studio 15
VisualStudioVersion = 15.0.27703.2042
MinimumVisualStudioVersion = 10.0.40219.1
Project("{FAE04EC0-301F-11D3-BF4B-00C04F79EFBC}") = "TestApp", "TestApp\TestApp.csproj", "{BDAC2B29-AFB5-483B-A516-0417A23F73C2}"
EndProject
Global
	GlobalSection(SolutionConfigurationPlatforms) = preSolution
		Debug|Any CPU = Debug|Any CPU
		Release|Any CPU = Release|Any CPU
	EndGlobalSection
	GlobalSection(ProjectConfigurationPlatforms) = postSolution
		{BDAC2B29-AFB5-483B-A516-0417A23F73C2}.Debug|Any CPU.ActiveCfg = Debug|Any CPU
		{BDAC2B29-AFB5-483B-A516-0417A23F73C2}.Debug|Any CPU.Build.0 = Debug|Any CPU
		{BDAC2B29-AFB5-483B-A516-0417A23F73C2}.Release|Any CPU.ActiveCfg = Release|Any CPU
		{BDAC2B29-AFB5-483B-A516-0417A23F73C2}.Release|Any CPU.Build.0 = Release|Any CPU
	EndGlobalSection
	GlobalSection(SolutionProperties) = preSolution
		HideSolutionNode = FALSE
	EndGlobalSection
	GlobalSection(ExtensibilityGlobals) = postSolution
		SolutionGuid = {7205DF54-CD99-4526-8582-4E3213D93208}
	EndGlobalSection
EndGlobal
